
Microsoft Visual Studio Solution File, Format Version 12.00
# Visual Studio Version 16
VisualStudioVersion = 16.0.30907.101
MinimumVisualStudioVersion = 10.0.40219.1
Project("{FAE04EC0-301F-11D3-BF4B-00C04F79EFBC}") = "SocialWeb2", "SocialWeb2\SocialWeb2.csproj", "{5CECFAF3-8C1B-4C98-BDE5-3217BA00EB8F}"
EndProject
Global
	GlobalSection(SolutionConfigurationPlatforms) = preSolution
		Debug|Any CPU = Debug|Any CPU
		Release|Any CPU = Release|Any CPU
	EndGlobalSection
	GlobalSection(ProjectConfigurationPlatforms) = postSolution
		{5CECFAF3-8C1B-4C98-BDE5-3217BA00EB8F}.Debug|Any CPU.ActiveCfg = Debug|Any CPU
		{5CECFAF3-8C1B-4C98-BDE5-3217BA00EB8F}.Debug|Any CPU.Build.0 = Debug|Any CPU
		{5CECFAF3-8C1B-4C98-BDE5-3217BA00EB8F}.Release|Any CPU.ActiveCfg = Release|Any CPU
		{5CECFAF3-8C1B-4C98-BDE5-3217BA00EB8F}.Release|Any CPU.Build.0 = Release|Any CPU
	EndGlobalSection
	GlobalSection(SolutionProperties) = preSolution
		HideSolutionNode = FALSE
	EndGlobalSection
	GlobalSection(ExtensibilityGlobals) = postSolution
		SolutionGuid = {0A3290A7-CC20-4F78-8FF2-71F783EA77C7}
	EndGlobalSection
EndGlobal
